
Microsoft Visual Studio Solution File, Format Version 12.00
# Visual Studio 2012
Project("{2150E333-8FDC-42A3-9474-1A3956D46DE8}") = "Test", "Test", "{CF3A5A11-3C7F-4DAF-8983-43B43D7F7A2F}"
EndProject
Project("{FAE04EC0-301F-11D3-BF4B-00C04F79EFBC}") = "Victoria.tests", "Source\Test\Victoria.tests\Victoria.tests.csproj", "{9BA77E99-A720-4ACD-838B-7A9C4F992F50}"
EndProject
Project("{2150E333-8FDC-42A3-9474-1A3956D46DE8}") = "Desktop", "Desktop", "{7D7E645B-97AE-48F4-868A-54BEF948503F}"
EndProject
Project("{FAE04EC0-301F-11D3-BF4B-00C04F79EFBC}") = "Victoria.DesktopApp", "Source\App\Victoria.DesktopApp\Victoria.DesktopApp.csproj", "{27CED651-AD69-4090-8E8A-DFDE0CB64920}"
EndProject
Project("{2150E333-8FDC-42A3-9474-1A3956D46DE8}") = "Shared", "Shared", "{E9D06350-B3E1-4831-A4DF-39DDEEBEF034}"
EndProject
Project("{FAE04EC0-301F-11D3-BF4B-00C04F79EFBC}") = "Victoria.Shared", "Source\Shared\Victoria.Shared\Victoria.Shared.csproj", "{FD5420D9-D9F2-48BF-813C-6C35578A2707}"
EndProject
Project("{2150E333-8FDC-42A3-9474-1A3956D46DE8}") = "Model", "Model", "{3DC091EF-6413-4B39-A0BC-45F970C62D70}"
EndProject
Project("{2150E333-8FDC-42A3-9474-1A3956D46DE8}") = "ViewModel", "ViewModel", "{9B6BD93D-136C-4D1D-848E-16F6C62ED911}"
EndProject
Project("{FAE04EC0-301F-11D3-BF4B-00C04F79EFBC}") = "Victoria.ViewModelWPF", "Source\Shared\Victoria.ViewModelWPF\Victoria.ViewModelWPF.csproj", "{9AC9CC25-7A73-489E-8E4A-739ACFE0417C}"
EndProject
Project("{FAE04EC0-301F-11D3-BF4B-00C04F79EFBC}") = "Victoria.Consola", "Source\App\Victoria.Consola\Victoria.Consola.csproj", "{BC3886B1-B49A-4177-A64F-7A64F6AC2F25}"
EndProject
Project("{FAE04EC0-301F-11D3-BF4B-00C04F79EFBC}") = "Victoria.WebApp.Web", "Source\Test\Victoria.WebApp.Web\Victoria.WebApp.Web.csproj", "{81348565-F35B-44C0-8F56-5A7449D95259}"
EndProject
Project("{FAE04EC0-301F-11D3-BF4B-00C04F79EFBC}") = "Victoria.ModelWPF", "Victoria.ModelWPF\Victoria.ModelWPF.csproj", "{D5469314-5082-4BD7-ACD3-86552FA568B6}"
EndProject
Project("{FAE04EC0-301F-11D3-BF4B-00C04F79EFBC}") = "Victoria.UI.SharedWPF", "Victoria.UI.SharedWPF\Victoria.UI.SharedWPF.csproj", "{E010CE95-AAA0-415C-A1D2-30493163B806}"
EndProject
Project("{2150E333-8FDC-42A3-9474-1A3956D46DE8}") = ".nuget", ".nuget", "{FED53D96-7C04-4150-ACEC-3D1E88AED70F}"
	ProjectSection(SolutionItems) = preProject
		.nuget\NuGet.Config = .nuget\NuGet.Config
		.nuget\NuGet.exe = .nuget\NuGet.exe
		.nuget\NuGet.targets = .nuget\NuGet.targets
	EndProjectSection
EndProject
Global
	GlobalSection(SolutionConfigurationPlatforms) = preSolution
		CD_ROM|Any CPU = CD_ROM|Any CPU
		Debug|Any CPU = Debug|Any CPU
		DVD-5|Any CPU = DVD-5|Any CPU
		Release|Any CPU = Release|Any CPU
		SingleImage|Any CPU = SingleImage|Any CPU
	EndGlobalSection
	GlobalSection(ProjectConfigurationPlatforms) = postSolution
		{9BA77E99-A720-4ACD-838B-7A9C4F992F50}.CD_ROM|Any CPU.ActiveCfg = Release|Any CPU
		{9BA77E99-A720-4ACD-838B-7A9C4F992F50}.CD_ROM|Any CPU.Build.0 = Release|Any CPU
		{9BA77E99-A720-4ACD-838B-7A9C4F992F50}.Debug|Any CPU.ActiveCfg = Debug|Any CPU
		{9BA77E99-A720-4ACD-838B-7A9C4F992F50}.Debug|Any CPU.Build.0 = Debug|Any CPU
		{9BA77E99-A720-4ACD-838B-7A9C4F992F50}.DVD-5|Any CPU.ActiveCfg = Debug|Any CPU
		{9BA77E99-A720-4ACD-838B-7A9C4F992F50}.DVD-5|Any CPU.Build.0 = Debug|Any CPU
		{9BA77E99-A720-4ACD-838B-7A9C4F992F50}.Release|Any CPU.ActiveCfg = Release|Any CPU
		{9BA77E99-A720-4ACD-838B-7A9C4F992F50}.Release|Any CPU.Build.0 = Release|Any CPU
		{9BA77E99-A720-4ACD-838B-7A9C4F992F50}.SingleImage|Any CPU.ActiveCfg = Release|Any CPU
		{9BA77E99-A720-4ACD-838B-7A9C4F992F50}.SingleImage|Any CPU.Build.0 = Release|Any CPU
		{27CED651-AD69-4090-8E8A-DFDE0CB64920}.CD_ROM|Any CPU.ActiveCfg = Release|Any CPU
		{27CED651-AD69-4090-8E8A-DFDE0CB64920}.CD_ROM|Any CPU.Build.0 = Release|Any CPU
		{27CED651-AD69-4090-8E8A-DFDE0CB64920}.Debug|Any CPU.ActiveCfg = Debug|Any CPU
		{27CED651-AD69-4090-8E8A-DFDE0CB64920}.Debug|Any CPU.Build.0 = Debug|Any CPU
		{27CED651-AD69-4090-8E8A-DFDE0CB64920}.DVD-5|Any CPU.ActiveCfg = Debug|Any CPU
		{27CED651-AD69-4090-8E8A-DFDE0CB64920}.DVD-5|Any CPU.Build.0 = Debug|Any CPU
		{27CED651-AD69-4090-8E8A-DFDE0CB64920}.Release|Any CPU.ActiveCfg = Release|Any CPU
		{27CED651-AD69-4090-8E8A-DFDE0CB64920}.Release|Any CPU.Build.0 = Release|Any CPU
		{27CED651-AD69-4090-8E8A-DFDE0CB64920}.SingleImage|Any CPU.ActiveCfg = Release|Any CPU
		{27CED651-AD69-4090-8E8A-DFDE0CB64920}.SingleImage|Any CPU.Build.0 = Release|Any CPU
		{FD5420D9-D9F2-48BF-813C-6C35578A2707}.CD_ROM|Any CPU.ActiveCfg = Release|Any CPU
		{FD5420D9-D9F2-48BF-813C-6C35578A2707}.CD_ROM|Any CPU.Build.0 = Release|Any CPU
		{FD5420D9-D9F2-48BF-813C-6C35578A2707}.Debug|Any CPU.ActiveCfg = Debug|Any CPU
		{FD5420D9-D9F2-48BF-813C-6C35578A2707}.Debug|Any CPU.Build.0 = Debug|Any CPU
		{FD5420D9-D9F2-48BF-813C-6C35578A2707}.DVD-5|Any CPU.ActiveCfg = Debug|Any CPU
		{FD5420D9-D9F2-48BF-813C-6C35578A2707}.DVD-5|Any CPU.Build.0 = Debug|Any CPU
		{FD5420D9-D9F2-48BF-813C-6C35578A2707}.Release|Any CPU.ActiveCfg = Release|Any CPU
		{FD5420D9-D9F2-48BF-813C-6C35578A2707}.Release|Any CPU.Build.0 = Release|Any CPU
		{FD5420D9-D9F2-48BF-813C-6C35578A2707}.SingleImage|Any CPU.ActiveCfg = Release|Any CPU
		{FD5420D9-D9F2-48BF-813C-6C35578A2707}.SingleImage|Any CPU.Build.0 = Release|Any CPU
		{9AC9CC25-7A73-489E-8E4A-739ACFE0417C}.CD_ROM|Any CPU.ActiveCfg = Release|Any CPU
		{9AC9CC25-7A73-489E-8E4A-739ACFE0417C}.CD_ROM|Any CPU.Build.0 = Release|Any CPU
		{9AC9CC25-7A73-489E-8E4A-739ACFE0417C}.Debug|Any CPU.ActiveCfg = Debug|Any CPU
		{9AC9CC25-7A73-489E-8E4A-739ACFE0417C}.Debug|Any CPU.Build.0 = Debug|Any CPU
		{9AC9CC25-7A73-489E-8E4A-739ACFE0417C}.DVD-5|Any CPU.ActiveCfg = Debug|Any CPU
		{9AC9CC25-7A73-489E-8E4A-739ACFE0417C}.DVD-5|Any CPU.Build.0 = Debug|Any CPU
		{9AC9CC25-7A73-489E-8E4A-739ACFE0417C}.Release|Any CPU.ActiveCfg = Release|Any CPU
		{9AC9CC25-7A73-489E-8E4A-739ACFE0417C}.Release|Any CPU.Build.0 = Release|Any CPU
		{9AC9CC25-7A73-489E-8E4A-739ACFE0417C}.SingleImage|Any CPU.ActiveCfg = Release|Any CPU
		{9AC9CC25-7A73-489E-8E4A-739ACFE0417C}.SingleImage|Any CPU.Build.0 = Release|Any CPU
		{BC3886B1-B49A-4177-A64F-7A64F6AC2F25}.CD_ROM|Any CPU.ActiveCfg = Release|Any CPU
		{BC3886B1-B49A-4177-A64F-7A64F6AC2F25}.CD_ROM|Any CPU.Build.0 = Release|Any CPU
		{BC3886B1-B49A-4177-A64F-7A64F6AC2F25}.Debug|Any CPU.ActiveCfg = Debug|Any CPU
		{BC3886B1-B49A-4177-A64F-7A64F6AC2F25}.Debug|Any CPU.Build.0 = Debug|Any CPU
		{BC3886B1-B49A-4177-A64F-7A64F6AC2F25}.DVD-5|Any CPU.ActiveCfg = Debug|Any CPU
		{BC3886B1-B49A-4177-A64F-7A64F6AC2F25}.DVD-5|Any CPU.Build.0 = Debug|Any CPU
		{BC3886B1-B49A-4177-A64F-7A64F6AC2F25}.Release|Any CPU.ActiveCfg = Release|Any CPU
		{BC3886B1-B49A-4177-A64F-7A64F6AC2F25}.Release|Any CPU.Build.0 = Release|Any CPU
		{BC3886B1-B49A-4177-A64F-7A64F6AC2F25}.SingleImage|Any CPU.ActiveCfg = Release|Any CPU
		{BC3886B1-B49A-4177-A64F-7A64F6AC2F25}.SingleImage|Any CPU.Build.0 = Release|Any CPU
		{81348565-F35B-44C0-8F56-5A7449D95259}.CD_ROM|Any CPU.ActiveCfg = Release|Any CPU
		{81348565-F35B-44C0-8F56-5A7449D95259}.CD_ROM|Any CPU.Build.0 = Release|Any CPU
		{81348565-F35B-44C0-8F56-5A7449D95259}.Debug|Any CPU.ActiveCfg = Debug|Any CPU
		{81348565-F35B-44C0-8F56-5A7449D95259}.Debug|Any CPU.Build.0 = Debug|Any CPU
		{81348565-F35B-44C0-8F56-5A7449D95259}.DVD-5|Any CPU.ActiveCfg = Debug|Any CPU
		{81348565-F35B-44C0-8F56-5A7449D95259}.DVD-5|Any CPU.Build.0 = Debug|Any CPU
		{81348565-F35B-44C0-8F56-5A7449D95259}.Release|Any CPU.ActiveCfg = Release|Any CPU
		{81348565-F35B-44C0-8F56-5A7449D95259}.Release|Any CPU.Build.0 = Release|Any CPU
		{81348565-F35B-44C0-8F56-5A7449D95259}.SingleImage|Any CPU.ActiveCfg = Release|Any CPU
		{81348565-F35B-44C0-8F56-5A7449D95259}.SingleImage|Any CPU.Build.0 = Release|Any CPU
		{D5469314-5082-4BD7-ACD3-86552FA568B6}.CD_ROM|Any CPU.ActiveCfg = Release|Any CPU
		{D5469314-5082-4BD7-ACD3-86552FA568B6}.CD_ROM|Any CPU.Build.0 = Release|Any CPU
		{D5469314-5082-4BD7-ACD3-86552FA568B6}.Debug|Any CPU.ActiveCfg = Debug|Any CPU
		{D5469314-5082-4BD7-ACD3-86552FA568B6}.Debug|Any CPU.Build.0 = Debug|Any CPU
		{D5469314-5082-4BD7-ACD3-86552FA568B6}.DVD-5|Any CPU.ActiveCfg = Debug|Any CPU
		{D5469314-5082-4BD7-ACD3-86552FA568B6}.DVD-5|Any CPU.Build.0 = Debug|Any CPU
		{D5469314-5082-4BD7-ACD3-86552FA568B6}.Release|Any CPU.ActiveCfg = Release|Any CPU
		{D5469314-5082-4BD7-ACD3-86552FA568B6}.Release|Any CPU.Build.0 = Release|Any CPU
		{D5469314-5082-4BD7-ACD3-86552FA568B6}.SingleImage|Any CPU.ActiveCfg = Release|Any CPU
		{D5469314-5082-4BD7-ACD3-86552FA568B6}.SingleImage|Any CPU.Build.0 = Release|Any CPU
		{E010CE95-AAA0-415C-A1D2-30493163B806}.CD_ROM|Any CPU.ActiveCfg = Release|Any CPU
		{E010CE95-AAA0-415C-A1D2-30493163B806}.CD_ROM|Any CPU.Build.0 = Release|Any CPU
		{E010CE95-AAA0-415C-A1D2-30493163B806}.Debug|Any CPU.ActiveCfg = Debug|Any CPU
		{E010CE95-AAA0-415C-A1D2-30493163B806}.Debug|Any CPU.Build.0 = Debug|Any CPU
		{E010CE95-AAA0-415C-A1D2-30493163B806}.DVD-5|Any CPU.ActiveCfg = Debug|Any CPU
		{E010CE95-AAA0-415C-A1D2-30493163B806}.DVD-5|Any CPU.Build.0 = Debug|Any CPU
		{E010CE95-AAA0-415C-A1D2-30493163B806}.Release|Any CPU.ActiveCfg = Release|Any CPU
		{E010CE95-AAA0-415C-A1D2-30493163B806}.Release|Any CPU.Build.0 = Release|Any CPU
		{E010CE95-AAA0-415C-A1D2-30493163B806}.SingleImage|Any CPU.ActiveCfg = Release|Any CPU
		{E010CE95-AAA0-415C-A1D2-30493163B806}.SingleImage|Any CPU.Build.0 = Release|Any CPU
	EndGlobalSection
	GlobalSection(SolutionProperties) = preSolution
		HideSolutionNode = FALSE
	EndGlobalSection
	GlobalSection(NestedProjects) = preSolution
		{9BA77E99-A720-4ACD-838B-7A9C4F992F50} = {CF3A5A11-3C7F-4DAF-8983-43B43D7F7A2F}
		{81348565-F35B-44C0-8F56-5A7449D95259} = {CF3A5A11-3C7F-4DAF-8983-43B43D7F7A2F}
		{27CED651-AD69-4090-8E8A-DFDE0CB64920} = {7D7E645B-97AE-48F4-868A-54BEF948503F}
		{FD5420D9-D9F2-48BF-813C-6C35578A2707} = {E9D06350-B3E1-4831-A4DF-39DDEEBEF034}
		{D5469314-5082-4BD7-ACD3-86552FA568B6} = {3DC091EF-6413-4B39-A0BC-45F970C62D70}
		{9AC9CC25-7A73-489E-8E4A-739ACFE0417C} = {9B6BD93D-136C-4D1D-848E-16F6C62ED911}
		{E010CE95-AAA0-415C-A1D2-30493163B806} = {9B6BD93D-136C-4D1D-848E-16F6C62ED911}
	EndGlobalSection
EndGlobal
